PODS:
  - ReusableViews (0.1.1)
  - SwiftLint (0.20.0)

DEPENDENCIES:
  - ReusableViews (from `../`)
  - SwiftLint

EXTERNAL SOURCES:
  ReusableViews:
    :path: "../"

SPEC CHECKSUMS:
  ReusableViews: a1e1989ad78b01678417e72979a096e1197a1b62
  SwiftLint: 3f7543509c931d1291395335f34e245d3919b7f2

PODFILE CHECKSUM: 97a929a727ed22d7967591767fc827efd69f1bc5

COCOAPODS: 1.2.1
